{
  "name": "lessons-learned-pt-1",
  "version": "1.0.0",
  "lockfileVersion": 1,
  "requires": true,
  "dependencies": {
    "@types/arcgis-js-api": {
      "version": "4.15.0",
      "resolved": "https://registry.npmjs.org/@types/arcgis-js-api/-/arcgis-js-api-4.15.0.tgz",
      "integrity": "sha512-8k3izWm6TBuNgYjYr7k5S9aXpzJ6R51g3HMecQvB4CAD5tgO+kUFn3i1BPnfweAPnrURei9ponU9QL1N5o0BhA=="
    }
  }
}
